github.com/c9s/goprocinfo v0.0.0-20210130143923-c95fcf8c64a8 h1:SjZ2GvvOononHOpK84APFuMvxqsk3tEIaKH/z4Rpu3g=
github.com/c9s/goprocinfo v0.0.0-20210130143923-c95fcf8c64a8/go.mod h1:uEyr4WpAH4hio6LFriaPkL938XnrvLpNPmQHBdrmbIE=
github.com/davecgh/go-spew v1.1.1/go.mod h1:J7Y8YcW2NihsgmVo/mv3lAwl/skON4iLHjSsI+c5H38=
github.com/deniswernert/go-fstab v0.0.0-20141204152952-eb4090f26517 h1:YMvaGdOIUowdD6ZybqLsUamGvWONZViUeW6T22U7fP0=
github.com/deniswernert/go-fstab v0.0.0-20141204152952-eb4090f26517/go.mod h1:ixLGX4GUQg44igA/iJawr+KYZLyWOoAzAgTCQcJ/K9Y=
github.com/pmezard/go-difflib v1.0.0/go.mod h1:iKH77koFhYxTK1pcRnkKkqfTogsbg7gZNVY4sRDYZ/4=
github.com/segmentio/go-log v1.9.0 h1:1dhZF9aIsQG3sK2To2l41bWcipIqPa+mXMEvc0Yx9zk=
github.com/segmentio/go-log v1.9.0/go.mod h1:OaWNxWOTRpA/fIXTfr2FmimINNi+0MyArbeI1FLjOkY=
github.com/sirupsen/logrus v1.8.1 h1:dJKuHgqk1NNQlqoA6BTlM1Wf9DOH3NBjQyu0h9+AZZE=
github.com/sirupsen/logrus v1.8.1/go.mod h1:yWOB1SBYBC5VeMP7gHvWumXLIWorT60ONWic61uBYv0=
github.com/statsd/client v0.2.0 h1:49psFVxhJyFioTdX+cZUgq++sT8Rr9EBmBmlNUR161U=
github.com/statsd/client v0.2.0/go.mod h1:JOTpbI2aoG6EcTGG0OqCOs2JKUB/MRv8LhNwVXMPu00=
github.com/statsd/client-interface v0.0.0-20140909221041-d354afbbdb2b h1:roBsfyylCInl9m6YrKX1lgk1trGJSdqpZ/AVMpEoSfE=
github.com/statsd/client-interface v0.0.0-20140909221041-d354afbbdb2b/go.mod h1:t9B0pYbEC7s1j9FN7M69aEPZV0H3YMkjasoXYC0d7WY=
github.com/statsd/client-namespace v0.0.0-20140910145947-25f6849d71a7 h1:gKQ+CHIDgtECSvHVGdZd65ZXdLg48rMx7eiuie21K7g=
github.com/statsd/client-namespace v0.0.0-20140910145947-25f6849d71a7/go.mod h1:vIic/gbNL3sbZP/GGmC3P72KBRErnKrHmuYid58S3Ss=
github.com/statsd/system v0.2.0 h1:pPDvnCWJWkOS9cZsIrH/UvNfTIPRisDc91cYYiM6OOM=
github.com/statsd/system v0.2.0/go.mod h1:eXfOrbVkZQsAFrUEEpXVn/c5ukuJPsBquYl3dAepwP4=
github.com/stretchr/testify v1.2.2/go.mod h1:a8OnRcib4nhh0OaRAV+Yts87kKdq0PP7pXfy6kDkUVs=
github.com/tj/docopt v1.0.0 h1:echGqiJYxqwI1PQAppd8PrBM2e6E4G46NQugrTpL/wU=
github.com/tj/docopt v1.0.0/go.mod h1:UWdJekySvYOgmpTJtkPaWS4fvSKYba+U6+E2iKJCV/I=
github.com/tj/go-gracefully v0.0.0-20141227061038-005c1d102f1b h1:EjOGYW5FYZMUVtXjWl01EY359uYLfzTcOkxuNTcKZYc=
github.com/tj/go-gracefully v0.0.0-20141227061038-005c1d102f1b/go.mod h1:uqlTeGUUfRdQvlQGkv+DYe3lLST3DionEwMA9YAYibY=
github.com/visionmedia/go-debug v0.0.0-20180109164601-bfacf9d8a444 h1:omAc9LPzvfCMXi9UuEB9gbnSVXvz3Bft2zlKZn5Ww7Y=
github.com/visionmedia/go-debug v0.0.0-20180109164601-bfacf9d8a444/go.mod h1:7f/NuZ7w/RrrDGVKvezeak02MX7QbLs4Njo/I+GPxe0=
golang.org/x/sys v0.0.0-20191026070338-33540a1f6037 h1:YyJpGZS1sBuBCzLAR1VEpK193GlqGZbnPFnPV/5Rsb4=
golang.org/x/sys v0.0.0-20191026070338-33540a1f6037/go.mod h1:h1NjWce9XRLGQEsW7wpKNCjG9DtNlClVuFLEZdDNbEs=
